// !$*UTF8*$!
{
	archiveVersion = 1;
	classes = {
	};
	objectVersion = 55;
	objects = {

/* Begin PBXBuildFile section */
		11B3A8CFEBE376323CBD8E26 /* Pods_ParstagramTests.framework in Frameworks */ = {isa = PBXBuildFile; fileRef = BD2BFD6A7344599F0FE10EEB /* Pods_ParstagramTests.framework */; };
		2B4BE3C53F62FE8FE5B91ADC /* Pods_ParstagramUITests.framework in Frameworks */ = {isa = PBXBuildFile; fileRef = CBBA37A6CE7DD404B4E2542B /* Pods_ParstagramUITests.framework */; };
		4D1ECB839B113B622318600E /* Pods_Parstagram.framework in Frameworks */ = {isa = PBXBuildFile; fileRef = 224A91CC521816C79D4F7F5D /* Pods_Parstagram.framework */; };
		E200365927E18E4400BEB7C3 /* AppDelegate.swift in Sources */ = {isa = PBXBuildFile; fileRef = E200365827E18E4400BEB7C3 /* AppDelegate.swift */; };
		E200365B27E18E4400BEB7C3 /* SceneDelegate.swift in Sources */ = {isa = PBXBuildFile; fileRef = E200365A27E18E4400BEB7C3 /* SceneDelegate.swift */; };
		E200365D27E18E4400BEB7C3 /* ViewController.swift in Sources */ = {isa = PBXBuildFile; fileRef = E200365C27E18E4400BEB7C3 /* ViewController.swift */; };
		E200366027E18E4400BEB7C3 /* Main.storyboard in Resources */ = {isa = PBXBuildFile; fileRef = E200365E27E18E4400BEB7C3 /* Main.storyboard */; };
		E200366327E18E4400BEB7C3 /* Parstagram.xcdatamodeld in Sources */ = {isa = PBXBuildFile; fileRef = E200366127E18E4400BEB7C3 /* Parstagram.xcdatamodeld */; };
		E200366527E18E4800BEB7C3 /* Assets.xcassets in Resources */ = {isa = PBXBuildFile; fileRef = E200366427E18E4800BEB7C3 /* Assets.xcassets */; };
		E200366827E18E4800BEB7C3 /* LaunchScreen.storyboard in Resources */ = {isa = PBXBuildFile; fileRef = E200366627E18E4800BEB7C3 /* LaunchScreen.storyboard */; };
		E200367327E18E4A00BEB7C3 /* ParstagramTests.swift in Sources */ = {isa = PBXBuildFile; fileRef = E200367227E18E4A00BEB7C3 /* ParstagramTests.swift */; };
		E200367D27E18E4A00BEB7C3 /* ParstagramUITests.swift in Sources */ = {isa = PBXBuildFile; fileRef = E200367C27E18E4A00BEB7C3 /* ParstagramUITests.swift */; };
		E200367F27E18E4A00BEB7C3 /* ParstagramUITestsLaunchTests.swift in Sources */ = {isa = PBXBuildFile; fileRef = E200367E27E18E4A00BEB7C3 /* ParstagramUITestsLaunchTests.swift */; };
		E20036CB27E2D4F200BEB7C3 /* LoginViewController.swift in Sources */ = {isa = PBXBuildFile; fileRef = E20036CA27E2D4F200BEB7C3 /* LoginViewController.swift */; };
		E20036CD27E2D57A00BEB7C3 /* FeedViewController.swift in Sources */ = {isa = PBXBuildFile; fileRef = E20036CC27E2D57A00BEB7C3 /* FeedViewController.swift */; };
		E20036CF27E2D7AC00BEB7C3 /* instagram_assets in Resources */ = {isa = PBXBuildFile; fileRef = E20036CE27E2D7AC00BEB7C3 /* instagram_assets */; };
		E24B9C2727E422C10047273A /* CameraViewController.swift in Sources */ = {isa = PBXBuildFile; fileRef = E24B9C2627E422C10047273A /* CameraViewController.swift */; };
		E24B9C2927E6A7B40047273A /* PostCell.swift in Sources */ = {isa = PBXBuildFile; fileRef = E24B9C2827E6A7B40047273A /* PostCell.swift */; };
		E24B9C2B27E766B90047273A /* image_placeholder.png in Resources */ = {isa = PBXBuildFile; fileRef = E24B9C2A27E766B90047273A /* image_placeholder.png */; };
		E29F19B327EE172400E7F95A /* CommentCell.swift in Sources */ = {isa = PBXBuildFile; fileRef = E29F19B227EE172400E7F95A /* CommentCell.swift */; };
/* End PBXBuildFile section */

/* Begin PBXContainerItemProxy section */
		E200366F27E18E4A00BEB7C3 /* PBXContainerItemProxy */ = {
			isa = PBXContainerItemProxy;
			containerPortal = E200364D27E18E4400BEB7C3 /* Project object */;
			proxyType = 1;
			remoteGlobalIDString = E200365427E18E4400BEB7C3;
			remoteInfo = Parstagram;
		};
		E200367927E18E4A00BEB7C3 /* PBXContainerItemProxy */ = {
			isa = PBXContainerItemProxy;
			containerPortal = E200364D27E18E4400BEB7C3 /* Project object */;
			proxyType = 1;
			remoteGlobalIDString = E200365427E18E4400BEB7C3;
			remoteInfo = Parstagram;
		};
/* End PBXContainerItemProxy section */

/* Begin PBXFileReference section */
		019FD39D2FA7E15B9BA90844 /* Pods-Parstagram-ParstagramUITests.release.xcconfig */ = {isa = PBXFileReference; includeInIndex = 1; lastKnownFileType = text.xcconfig; name = "Pods-Parstagram-ParstagramUITests.release.xcconfig"; path = "Target Support Files/Pods-Parstagram-ParstagramUITests/Pods-Parstagram-ParstagramUITests.release.xcconfig"; sourceTree = "<group>"; };
		1206ECD1E0B34758CAD6548B /* Pods-ParstagramTests.release.xcconfig */ = {isa = PBXFileReference; includeInIndex = 1; lastKnownFileType = text.xcconfig; name = "Pods-ParstagramTests.release.xcconfig"; path = "Target Support Files/Pods-ParstagramTests/Pods-ParstagramTests.release.xcconfig"; sourceTree = "<group>"; };
		19A732F833915CFB0458328B /* Pods-Parstagram-ParstagramUITests.debug.xcconfig */ = {isa = PBXFileReference; includeInIndex = 1; lastKnownFileType = text.xcconfig; name = "Pods-Parstagram-ParstagramUITests.debug.xcconfig"; path = "Target Support Files/Pods-Parstagram-ParstagramUITests/Pods-Parstagram-ParstagramUITests.debug.xcconfig"; sourceTree = "<group>"; };
		224A91CC521816C79D4F7F5D /* Pods_Parstagram.framework */ = {isa = PBXFileReference; explicitFileType = wrapper.framework; includeInIndex = 0; path = Pods_Parstagram.framework; sourceTree = BUILT_PRODUCTS_DIR; };
		37142D3158961AEB433001E7 /* Pods-ParstagramTests.debug.xcconfig */ = {isa = PBXFileReference; includeInIndex = 1; lastKnownFileType = text.xcconfig; name = "Pods-ParstagramTests.debug.xcconfig"; path = "Target Support Files/Pods-ParstagramTests/Pods-ParstagramTests.debug.xcconfig"; sourceTree = "<group>"; };
		4B049F20879A36ACD5799114 /* Pods-Parstagram.debug.xcconfig */ = {isa = PBXFileReference; includeInIndex = 1; lastKnownFileType = text.xcconfig; name = "Pods-Parstagram.debug.xcconfig"; path = "Target Support Files/Pods-Parstagram/Pods-Parstagram.debug.xcconfig"; sourceTree = "<group>"; };
		4E17686212ECCCC4615E5C20 /* Pods-ParstagramUITests.debug.xcconfig */ = {isa = PBXFileReference; includeInIndex = 1; lastKnownFileType = text.xcconfig; name = "Pods-ParstagramUITests.debug.xcconfig"; path = "Target Support Files/Pods-ParstagramUITests/Pods-ParstagramUITests.debug.xcconfig"; sourceTree = "<group>"; };
		7D8AAEF40FDFE77203EF5338 /* Pods-Parstagram.release.xcconfig */ = {isa = PBXFileReference; includeInIndex = 1; lastKnownFileType = text.xcconfig; name = "Pods-Parstagram.release.xcconfig"; path = "Target Support Files/Pods-Parstagram/Pods-Parstagram.release.xcconfig"; sourceTree = "<group>"; };
		920434766D1D3C1F333F390C /* Pods-ParstagramUITests.release.xcconfig */ = {isa = PBXFileReference; includeInIndex = 1; lastKnownFileType = text.xcconfig; name = "Pods-ParstagramUITests.release.xcconfig"; path = "Target Support Files/Pods-ParstagramUITests/Pods-ParstagramUITests.release.xcconfig"; sourceTree = "<group>"; };
		BD2BFD6A7344599F0FE10EEB /* Pods_ParstagramTests.framework */ = {isa = PBXFileReference; explicitFileType = wrapper.framework; includeInIndex = 0; path = Pods_ParstagramTests.framework; sourceTree = BUILT_PRODUCTS_DIR; };
		CBBA37A6CE7DD404B4E2542B /* Pods_ParstagramUITests.framework */ = {isa = PBXFileReference; explicitFileType = wrapper.framework; includeInIndex = 0; path = Pods_ParstagramUITests.framework; sourceTree = BUILT_PRODUCTS_DIR; };
		E200365527E18E4400BEB7C3 /* Parstagram.app */ = {isa = PBXFileReference; explicitFileType = wrapper.application; includeInIndex = 0; path = Parstagram.app; sourceTree = BUILT_PRODUCTS_DIR; };
		E200365827E18E4400BEB7C3 /* AppDelegate.swift */ = {isa = PBXFileReference; lastKnownFileType = sourcecode.swift; path = AppDelegate.swift; sourceTree = "<group>"; };
		E200365A27E18E4400BEB7C3 /* SceneDelegate.swift */ = {isa = PBXFileReference; lastKnownFileType = sourcecode.swift; path = SceneDelegate.swift; sourceTree = "<group>"; };
		E200365C27E18E4400BEB7C3 /* ViewController.swift */ = {isa = PBXFileReference; lastKnownFileType = sourcecode.swift; path = ViewController.swift; sourceTree = "<group>"; };
		E200365F27E18E4400BEB7C3 /* Base */ = {isa = PBXFileReference; lastKnownFileType = file.storyboard; name = Base; path = Base.lproj/Main.storyboard; sourceTree = "<group>"; };
		E200366227E18E4400BEB7C3 /* Parstagram.xcdatamodel */ = {isa = PBXFileReference; lastKnownFileType = wrapper.xcdatamodel; path = Parstagram.xcdatamodel; sourceTree = "<group>"; };
		E200366427E18E4800BEB7C3 /* Assets.xcassets */ = {isa = PBXFileReference; lastKnownFileType = folder.assetcatalog; path = Assets.xcassets; sourceTree = "<group>"; };
		E200366727E18E4800BEB7C3 /* Base */ = {isa = PBXFileReference; lastKnownFileType = file.storyboard; name = Base; path = Base.lproj/LaunchScreen.storyboard; sourceTree = "<group>"; };
		E200366927E18E4800BEB7C3 /* Info.plist */ = {isa = PBXFileReference; lastKnownFileType = text.plist.xml; path = Info.plist; sourceTree = "<group>"; };
		E200366E27E18E4A00BEB7C3 /* ParstagramTests.xctest */ = {isa = PBXFileReference; explicitFileType = wrapper.cfbundle; includeInIndex = 0; path = ParstagramTests.xctest; sourceTree = BUILT_PRODUCTS_DIR; };
		E200367227E18E4A00BEB7C3 /* ParstagramTests.swift */ = {isa = PBXFileReference; lastKnownFileType = sourcecode.swift; path = ParstagramTests.swift; sourceTree = "<group>"; };
		E200367827E18E4A00BEB7C3 /* ParstagramUITests.xctest */ = {isa = PBXFileReference; explicitFileType = wrapper.cfbundle; includeInIndex = 0; path = ParstagramUITests.xctest; sourceTree = BUILT_PRODUCTS_DIR; };
		E200367C27E18E4A00BEB7C3 /* ParstagramUITests.swift */ = {isa = PBXFileReference; lastKnownFileType = sourcecode.swift; path = ParstagramUITests.swift; sourceTree = "<group>"; };
		E200367E27E18E4A00BEB7C3 /* ParstagramUITestsLaunchTests.swift */ = {isa = PBXFileReference; lastKnownFileType = sourcecode.swift; path = ParstagramUITestsLaunchTests.swift; sourceTree = "<group>"; };
		E20036CA27E2D4F200BEB7C3 /* LoginViewController.swift */ = {isa = PBXFileReference; lastKnownFileType = sourcecode.swift; path = LoginViewController.swift; sourceTree = "<group>"; };
		E20036CC27E2D57A00BEB7C3 /* FeedViewController.swift */ = {isa = PBXFileReference; lastKnownFileType = sourcecode.swift; path = FeedViewController.swift; sourceTree = "<group>"; };
		E20036CE27E2D7AC00BEB7C3 /* instagram_assets */ = {isa = PBXFileReference; fileEncoding = 4; lastKnownFileType = text; path = instagram_assets; sourceTree = SOURCE_ROOT; };
		E24B9C2627E422C10047273A /* CameraViewController.swift */ = {isa = PBXFileReference; lastKnownFileType = sourcecode.swift; path = CameraViewController.swift; sourceTree = "<group>"; };
		E24B9C2827E6A7B40047273A /* PostCell.swift */ = {isa = PBXFileReference; lastKnownFileType = sourcecode.swift; path = PostCell.swift; sourceTree = "<group>"; };
		E24B9C2A27E766B90047273A /* image_placeholder.png */ = {isa = PBXFileReference; lastKnownFileType = image.png; path = image_placeholder.png; sourceTree = "<group>"; };
		E29F19B227EE172400E7F95A /* CommentCell.swift */ = {isa = PBXFileReference; lastKnownFileType = sourcecode.swift; path = CommentCell.swift; sourceTree = "<group>"; };
/* End PBXFileReference section */

/* Begin PBXFrameworksBuildPhase section */
		E200365227E18E4400BEB7C3 /* Frameworks */ = {
			isa = PBXFrameworksBuildPhase;
			buildActionMask = 2147483647;
			files = (
				4D1ECB839B113B622318600E /* Pods_Parstagram.framework in Frameworks */,
			);
			runOnlyForDeploymentPostprocessing = 0;
		};
		E200366B27E18E4A00BEB7C3 /* Frameworks */ = {
			isa = PBXFrameworksBuildPhase;
			buildActionMask = 2147483647;
			files = (
				11B3A8CFEBE376323CBD8E26 /* Pods_ParstagramTests.framework in Frameworks */,
			);
			runOnlyForDeploymentPostprocessing = 0;
		};
		E200367527E18E4A00BEB7C3 /* Frameworks */ = {
			isa = PBXFrameworksBuildPhase;
			buildActionMask = 2147483647;
			files = (
				2B4BE3C53F62FE8FE5B91ADC /* Pods_ParstagramUITests.framework in Frameworks */,
			);
			runOnlyForDeploymentPostprocessing = 0;
		};
/* End PBXFrameworksBuildPhase section */

/* Begin PBXGroup section */
		12236EB237FB7D84794258E9 /* Pods */ = {
			isa = PBXGroup;
			children = (
				4B049F20879A36ACD5799114 /* Pods-Parstagram.debug.xcconfig */,
				7D8AAEF40FDFE77203EF5338 /* Pods-Parstagram.release.xcconfig */,
				19A732F833915CFB0458328B /* Pods-Parstagram-ParstagramUITests.debug.xcconfig */,
				019FD39D2FA7E15B9BA90844 /* Pods-Parstagram-ParstagramUITests.release.xcconfig */,
				37142D3158961AEB433001E7 /* Pods-ParstagramTests.debug.xcconfig */,
				1206ECD1E0B34758CAD6548B /* Pods-ParstagramTests.release.xcconfig */,
				4E17686212ECCCC4615E5C20 /* Pods-ParstagramUITests.debug.xcconfig */,
				920434766D1D3C1F333F390C /* Pods-ParstagramUITests.release.xcconfig */,
			);
			path = Pods;
			sourceTree = "<group>";
		};
		52917EF4A64391EFC63715D3 /* Frameworks */ = {
			isa = PBXGroup;
			children = (
				224A91CC521816C79D4F7F5D /* Pods_Parstagram.framework */,
				BD2BFD6A7344599F0FE10EEB /* Pods_ParstagramTests.framework */,
				CBBA37A6CE7DD404B4E2542B /* Pods_ParstagramUITests.framework */,
			);
			name = Frameworks;
			sourceTree = "<group>";
		};
		E200364C27E18E4400BEB7C3 = {
			isa = PBXGroup;
			children = (
				E200365727E18E4400BEB7C3 /* Parstagram */,
				E200367127E18E4A00BEB7C3 /* ParstagramTests */,
				E200367B27E18E4A00BEB7C3 /* ParstagramUITests */,
				E200365627E18E4400BEB7C3 /* Products */,
				12236EB237FB7D84794258E9 /* Pods */,
				52917EF4A64391EFC63715D3 /* Frameworks */,
			);
			sourceTree = "<group>";
		};
		E200365627E18E4400BEB7C3 /* Products */ = {
			isa = PBXGroup;
			children = (
				E200365527E18E4400BEB7C3 /* Parstagram.app */,
				E200366E27E18E4A00BEB7C3 /* ParstagramTests.xctest */,
				E200367827E18E4A00BEB7C3 /* ParstagramUITests.xctest */,
			);
			name = Products;
			sourceTree = "<group>";
		};
		E200365727E18E4400BEB7C3 /* Parstagram */ = {
			isa = PBXGroup;
			children = (
				E200365827E18E4400BEB7C3 /* AppDelegate.swift */,
				E200365A27E18E4400BEB7C3 /* SceneDelegate.swift */,
				E200365C27E18E4400BEB7C3 /* ViewController.swift */,
				E200365E27E18E4400BEB7C3 /* Main.storyboard */,
				E29F19B227EE172400E7F95A /* CommentCell.swift */,
				E24B9C2827E6A7B40047273A /* PostCell.swift */,
				E24B9C2627E422C10047273A /* CameraViewController.swift */,
				E20036CC27E2D57A00BEB7C3 /* FeedViewController.swift */,
				E20036CA27E2D4F200BEB7C3 /* LoginViewController.swift */,
				E200366427E18E4800BEB7C3 /* Assets.xcassets */,
				E24B9C2A27E766B90047273A /* image_placeholder.png */,
				E20036CE27E2D7AC00BEB7C3 /* instagram_assets */,
				E200366627E18E4800BEB7C3 /* LaunchScreen.storyboard */,
				E200366927E18E4800BEB7C3 /* Info.plist */,
				E200366127E18E4400BEB7C3 /* Parstagram.xcdatamodeld */,
			);
			path = Parstagram;
			sourceTree = "<group>";
		};
		E200367127E18E4A00BEB7C3 /* ParstagramTests */ = {
			isa = PBXGroup;
			children = (
				E200367227E18E4A00BEB7C3 /* ParstagramTests.swift */,
			);
			path = ParstagramTests;
			sourceTree = "<group>";
		};
		E200367B27E18E4A00BEB7C3 /* ParstagramUITests */ = {
			isa = PBXGroup;
			children = (
				E200367C27E18E4A00BEB7C3 /* ParstagramUITests.swift */,
				E200367E27E18E4A00BEB7C3 /* ParstagramUITestsLaunchTests.swift */,
			);
			path = ParstagramUITests;
			sourceTree = "<group>";
		};
/* End PBXGroup section */

/* Begin PBXNativeTarget section */
		E200365427E18E4400BEB7C3 /* Parstagram */ = {
			isa = PBXNativeTarget;
			buildConfigurationList = E200368227E18E4A00BEB7C3 /* Build configuration list for PBXNativeTarget "Parstagram" */;
			buildPhases = (
				55B32A36C6867753ABF24ED1 /* [CP] Check Pods Manifest.lock */,
				E200365127E18E4400BEB7C3 /* Sources */,
				E200365227E18E4400BEB7C3 /* Frameworks */,
				E200365327E18E4400BEB7C3 /* Resources */,
				DEA0F03EA7FB671BA9434EBC /* [CP] Embed Pods Frameworks */,
			);
			buildRules = (
			);
			dependencies = (
			);
			name = Parstagram;
			productName = Parstagram;
			productReference = E200365527E18E4400BEB7C3 /* Parstagram.app */;
			productType = "com.apple.product-type.application";
		};
		E200366D27E18E4A00BEB7C3 /* ParstagramTests */ = {
			isa = PBXNativeTarget;
			buildConfigurationList = E200368527E18E4A00BEB7C3 /* Build configuration list for PBXNativeTarget "ParstagramTests" */;
			buildPhases = (
				0CB1AD636DE94B1AD62E2653 /* [CP] Check Pods Manifest.lock */,
				E200366A27E18E4A00BEB7C3 /* Sources */,
				E200366B27E18E4A00BEB7C3 /* Frameworks */,
				E200366C27E18E4A00BEB7C3 /* Resources */,
			);
			buildRules = (
			);
			dependencies = (
				E200367027E18E4A00BEB7C3 /* PBXTargetDependency */,
			);
			name = ParstagramTests;
			productName = ParstagramTests;
			productReference = E200366E27E18E4A00BEB7C3 /* ParstagramTests.xctest */;
			productType = "com.apple.product-type.bundle.unit-test";
		};
		E200367727E18E4A00BEB7C3 /* ParstagramUITests */ = {
			isa = PBXNativeTarget;
			buildConfigurationList = E200368827E18E4A00BEB7C3 /* Build configuration list for PBXNativeTarget "ParstagramUITests" */;
			buildPhases = (
				1479035352911D23A87AF916 /* [CP] Check Pods Manifest.lock */,
				E200367427E18E4A00BEB7C3 /* Sources */,
				E200367527E18E4A00BEB7C3 /* Frameworks */,
				E200367627E18E4A00BEB7C3 /* Resources */,
			);
			buildRules = (
			);
			dependencies = (
				E200367A27E18E4A00BEB7C3 /* PBXTargetDependency */,
			);
			name = ParstagramUITests;
			productName = ParstagramUITests;
			productReference = E200367827E18E4A00BEB7C3 /* ParstagramUITests.xctest */;
			productType = "com.apple.product-type.bundle.ui-testing";
		};
/* End PBXNativeTarget section */

/* Begin PBXProject section */
		E200364D27E18E4400BEB7C3 /* Project object */ = {
			isa = PBXProject;
			attributes = {
				BuildIndependentTargetsInParallel = 1;
				LastSwiftUpdateCheck = 1320;
				LastUpgradeCheck = 1320;
				TargetAttributes = {
					E200365427E18E4400BEB7C3 = {
						CreatedOnToolsVersion = 13.2.1;
					};
					E200366D27E18E4A00BEB7C3 = {
						CreatedOnToolsVersion = 13.2.1;
						TestTargetID = E200365427E18E4400BEB7C3;
					};
					E200367727E18E4A00BEB7C3 = {
						CreatedOnToolsVersion = 13.2.1;
						TestTargetID = E200365427E18E4400BEB7C3;
					};
				};
			};
			buildConfigurationList = E200365027E18E4400BEB7C3 /* Build configuration list for PBXProject "Parstagram" */;
			compatibilityVersion = "Xcode 13.0";
			developmentRegion = en;
			hasScannedForEncodings = 0;
			knownRegions = (
				en,
				Base,
			);
			mainGroup = E200364C27E18E4400BEB7C3;
			productRefGroup = E200365627E18E4400BEB7C3 /* Products */;
			projectDirPath = "";
			projectRoot = "";
			targets = (
				E200365427E18E4400BEB7C3 /* Parstagram */,
				E200366D27E18E4A00BEB7C3 /* ParstagramTests */,
				E200367727E18E4A00BEB7C3 /* ParstagramUITests */,
			);
		};
/* End PBXProject section */

/* Begin PBXResourcesBuildPhase section */
		E200365327E18E4400BEB7C3 /* Resources */ = {
			isa = PBXResourcesBuildPhase;
			buildActionMask = 2147483647;
			files = (
				E20036CF27E2D7AC00BEB7C3 /* instagram_assets in Resources */,
				E200366827E18E4800BEB7C3 /* LaunchScreen.storyboard in Resources */,
				E24B9C2B27E766B90047273A /* image_placeholder.png in Resources */,
				E200366527E18E4800BEB7C3 /* Assets.xcassets in Resources */,
				E200366027E18E4400BEB7C3 /* Main.storyboard in Resources */,
			);
			runOnlyForDeploymentPostprocessing = 0;
		};
		E200366C27E18E4A00BEB7C3 /* Resources */ = {
			isa = PBXResourcesBuildPhase;
			buildActionMask = 2147483647;
			files = (
			);
			runOnlyForDeploymentPostprocessing = 0;
		};
		E200367627E18E4A00BEB7C3 /* Resources */ = {
			isa = PBXResourcesBuildPhase;
			buildActionMask = 2147483647;
			files = (
			);
			runOnlyForDeploymentPostprocessing = 0;
		};
/* End PBXResourcesBuildPhase section */

/* Begin PBXShellScriptBuildPhase section */
		0CB1AD636DE94B1AD62E2653 /* [CP] Check Pods Manifest.lock */ = {
			isa = PBXShellScriptBuildPhase;
			buildActionMask = 2147483647;
			files = (
			);
			inputFileListPaths = (
			);
			inputPaths = (
				"${PODS_PODFILE_DIR_PATH}/Podfile.lock",
				"${PODS_ROOT}/Manifest.lock",
			);
			name = "[CP] Check Pods Manifest.lock";
			outputFileListPaths = (
			);
			outputPaths = (
				"$(DERIVED_FILE_DIR)/Pods-ParstagramTests-checkManifestLockResult.txt",
			);
			runOnlyForDeploymentPostprocessing = 0;
			shellPath = /bin/sh;
			shellScript = "diff \"${PODS_PODFILE_DIR_PATH}/Podfile.lock\" \"${PODS_ROOT}/Manifest.lock\" > /dev/null\nif [ $? != 0 ] ; then\n    # print error to STDERR\n    echo \"error: The sandbox is not in sync with the Podfile.lock. Run 'pod install' or update your CocoaPods installation.\" >&2\n    exit 1\nfi\n# This output is used by Xcode 'outputs' to avoid re-running this script phase.\necho \"SUCCESS\" > \"${SCRIPT_OUTPUT_FILE_0}\"\n";
			showEnvVarsInLog = 0;
		};
		1479035352911D23A87AF916 /* [CP] Check Pods Manifest.lock */ = {
			isa = PBXShellScriptBuildPhase;
			buildActionMask = 2147483647;
			files = (
			);
			inputFileListPaths = (
			);
			inputPaths = (
				"${PODS_PODFILE_DIR_PATH}/Podfile.lock",
				"${PODS_ROOT}/Manifest.lock",
			);
			name = "[CP] Check Pods Manifest.lock";
			outputFileListPaths = (
			);
			outputPaths = (
				"$(DERIVED_FILE_DIR)/Pods-ParstagramUITests-checkManifestLockResult.txt",
			);
			runOnlyForDeploymentPostprocessing = 0;
			shellPath = /bin/sh;
			shellScript = "diff \"${PODS_PODFILE_DIR_PATH}/Podfile.lock\" \"${PODS_ROOT}/Manifest.lock\" > /dev/null\nif [ $? != 0 ] ; then\n    # print error to STDERR\n    echo \"error: The sandbox is not in sync with the Podfile.lock. Run 'pod install' or update your CocoaPods installation.\" >&2\n    exit 1\nfi\n# This output is used by Xcode 'outputs' to avoid re-running this script phase.\necho \"SUCCESS\" > \"${SCRIPT_OUTPUT_FILE_0}\"\n";
			showEnvVarsInLog = 0;
		};
		55B32A36C6867753ABF24ED1 /* [CP] Check Pods Manifest.lock */ = {
			isa = PBXShellScriptBuildPhase;
			buildActionMask = 2147483647;
			files = (
			);
			inputFileListPaths = (
			);
			inputPaths = (
				"${PODS_PODFILE_DIR_PATH}/Podfile.lock",
				"${PODS_ROOT}/Manifest.lock",
			);
			name = "[CP] Check Pods Manifest.lock";
			outputFileListPaths = (
			);
			outputPaths = (
				"$(DERIVED_FILE_DIR)/Pods-Parstagram-checkManifestLockResult.txt",
			);
			runOnlyForDeploymentPostprocessing = 0;
			shellPath = /bin/sh;
			shellScript = "diff \"${PODS_PODFILE_DIR_PATH}/Podfile.lock\" \"${PODS_ROOT}/Manifest.lock\" > /dev/null\nif [ $? != 0 ] ; then\n    # print error to STDERR\n    echo \"error: The sandbox is not in sync with the Podfile.lock. Run 'pod install' or update your CocoaPods installation.\" >&2\n    exit 1\nfi\n# This output is used by Xcode 'outputs' to avoid re-running this script phase.\necho \"SUCCESS\" > \"${SCRIPT_OUTPUT_FILE_0}\"\n";
			showEnvVarsInLog = 0;
		};
		DEA0F03EA7FB671BA9434EBC /* [CP] Embed Pods Frameworks */ = {
			isa = PBXShellScriptBuildPhase;
			buildActionMask = 2147483647;
			files = (
			);
			inputFileListPaths = (
				"${PODS_ROOT}/Target Support Files/Pods-Parstagram/Pods-Parstagram-frameworks-${CONFIGURATION}-input-files.xcfilelist",
			);
			name = "[CP] Embed Pods Frameworks";
			outputFileListPaths = (
				"${PODS_ROOT}/Target Support Files/Pods-Parstagram/Pods-Parstagram-frameworks-${CONFIGURATION}-output-files.xcfilelist",
			);
			runOnlyForDeploymentPostprocessing = 0;
			shellPath = /bin/sh;
			shellScript = "\"${PODS_ROOT}/Target Support Files/Pods-Parstagram/Pods-Parstagram-frameworks.sh\"\n";
			showEnvVarsInLog = 0;
		};
/* End PBXShellScriptBuildPhase section */

/* Begin PBXSourcesBuildPhase section */
		E200365127E18E4400BEB7C3 /* Sources */ = {
			isa = PBXSourcesBuildPhase;
			buildActionMask = 2147483647;
			files = (
				E200365D27E18E4400BEB7C3 /* ViewController.swift in Sources */,
				E200366327E18E4400BEB7C3 /* Parstagram.xcdatamodeld in Sources */,
				E200365927E18E4400BEB7C3 /* AppDelegate.swift in Sources */,
				E20036CB27E2D4F200BEB7C3 /* LoginViewController.swift in Sources */,
				E24B9C2727E422C10047273A /* CameraViewController.swift in Sources */,
				E29F19B327EE172400E7F95A /* CommentCell.swift in Sources */,
				E20036CD27E2D57A00BEB7C3 /* FeedViewController.swift in Sources */,
				E200365B27E18E4400BEB7C3 /* SceneDelegate.swift in Sources */,
				E24B9C2927E6A7B40047273A /* PostCell.swift in Sources */,
			);
			runOnlyForDeploymentPostprocessing = 0;
		};
		E200366A27E18E4A00BEB7C3 /* Sources */ = {
			isa = PBXSourcesBuildPhase;
			buildActionMask = 2147483647;
			files = (
				E200367327E18E4A00BEB7C3 /* ParstagramTests.swift in Sources */,
			);
			runOnlyForDeploymentPostprocessing = 0;
		};
		E200367427E18E4A00BEB7C3 /* Sources */ = {
			isa = PBXSourcesBuildPhase;
			buildActionMask = 2147483647;
			files = (
				E200367F27E18E4A00BEB7C3 /* ParstagramUITestsLaunchTests.swift in Sources */,
				E200367D27E18E4A00BEB7C3 /* ParstagramUITests.swift in Sources */,
			);
			runOnlyForDeploymentPostprocessing = 0;
		};
/* End PBXSourcesBuildPhase section */

/* Begin PBXTargetDependency section */
		E200367027E18E4A00BEB7C3 /* PBXTargetDependency */ = {
			isa = PBXTargetDependency;
			target = E200365427E18E4400BEB7C3 /* Parstagram */;
			targetProxy = E200366F27E18E4A00BEB7C3 /* PBXContainerItemProxy */;
		};
		E200367A27E18E4A00BEB7C3 /* PBXTargetDependency */ = {
			isa = PBXTargetDependency;
			target = E200365427E18E4400BEB7C3 /* Parstagram */;
			targetProxy = E200367927E18E4A00BEB7C3 /* PBXContainerItemProxy */;
		};
/* End PBXTargetDependency section */

/* Begin PBXVariantGroup section */
		E200365E27E18E4400BEB7C3 /* Main.storyboard */ = {
			isa = PBXVariantGroup;
			children = (
				E200365F27E18E4400BEB7C3 /* Base */,
			);
			name = Main.storyboard;
			sourceTree = "<group>";
		};
		E200366627E18E4800BEB7C3 /* LaunchScreen.storyboard */ = {
			isa = PBXVariantGroup;
			children = (
				E200366727E18E4800BEB7C3 /* Base */,
			);
			name = LaunchScreen.storyboard;
			sourceTree = "<group>";
		};
/* End PBXVariantGroup section */

/* Begin XCBuildConfiguration section */
		E200368027E18E4A00BEB7C3 /* Debug */ = {
			isa = XCBuildConfiguration;
			buildSettings = {
				ALWAYS_SEARCH_USER_PATHS = NO;
				CLANG_ANALYZER_NONNULL = YES;
				CLANG_ANALYZER_NUMBER_OBJECT_CONVERSION = YES_AGGRESSIVE;
				CLANG_CXX_LANGUAGE_STANDARD = "gnu++17";
				CLANG_CXX_LIBRARY = "libc++";
				CLANG_ENABLE_MODULES = YES;
				CLANG_ENABLE_OBJC_ARC = YES;
				CLANG_ENABLE_OBJC_WEAK = YES;
				CLANG_WARN_BLOCK_CAPTURE_AUTORELEASING = YES;
				CLANG_WARN_BOOL_CONVERSION = YES;
				CLANG_WARN_COMMA = YES;
				CLANG_WARN_CONSTANT_CONVERSION = YES;
				CLANG_WARN_DEPRECATED_OBJC_IMPLEMENTATIONS = YES;
				CLANG_WARN_DIRECT_OBJC_ISA_USAGE = YES_ERROR;
				CLANG_WARN_DOCUMENTATION_COMMENTS = YES;
				CLANG_WARN_EMPTY_BODY = YES;
				CLANG_WARN_ENUM_CONVERSION = YES;
				CLANG_WARN_INFINITE_RECURSION = YES;
				CLANG_WARN_INT_CONVERSION = YES;
				CLANG_WARN_NON_LITERAL_NULL_CONVERSION = YES;
				CLANG_WARN_OBJC_IMPLICIT_RETAIN_SELF = YES;
				CLANG_WARN_OBJC_LITERAL_CONVERSION = YES;
				CLANG_WARN_OBJC_ROOT_CLASS = YES_ERROR;
				CLANG_WARN_QUOTED_INCLUDE_IN_FRAMEWORK_HEADER = YES;
				CLANG_WARN_RANGE_LOOP_ANALYSIS = YES;
				CLANG_WARN_STRICT_PROTOTYPES = YES;
				CLANG_WARN_SUSPICIOUS_MOVE = YES;
				CLANG_WARN_UNGUARDED_AVAILABILITY = YES_AGGRESSIVE;
				CLANG_WARN_UNREACHABLE_CODE = YES;
				CLANG_WARN__DUPLICATE_METHOD_MATCH = YES;
				COPY_PHASE_STRIP = NO;
				DEBUG_INFORMATION_FORMAT = dwarf;
				ENABLE_STRICT_OBJC_MSGSEND = YES;
				ENABLE_TESTABILITY = YES;
				GCC_C_LANGUAGE_STANDARD = gnu11;
				GCC_DYNAMIC_NO_PIC = NO;
				GCC_NO_COMMON_BLOCKS = YES;
				GCC_OPTIMIZATION_LEVEL = 0;
				GCC_PREPROCESSOR_DEFINITIONS = (
					"DEBUG=1",
					"$(inherited)",
				);
				GCC_WARN_64_TO_32_BIT_CONVERSION = YES;
				GCC_WARN_ABOUT_RETURN_TYPE = YES_ERROR;
				GCC_WARN_UNDECLARED_SELECTOR = YES;
				GCC_WARN_UNINITIALIZED_AUTOS = YES_AGGRESSIVE;
				GCC_WARN_UNUSED_FUNCTION = YES;
				GCC_WARN_UNUSED_VARIABLE = YES;
				IPHONEOS_DEPLOYMENT_TARGET = 15.2;
				MTL_ENABLE_DEBUG_INFO = INCLUDE_SOURCE;
				MTL_FAST_MATH = YES;
				ONLY_ACTIVE_ARCH = YES;
				SDKROOT = iphoneos;
				SWIFT_ACTIVE_COMPILATION_CONDITIONS = DEBUG;
				SWIFT_OPTIMIZATION_LEVEL = "-Onone";
			};
			name = Debug;
		};
		E200368127E18E4A00BEB7C3 /* Release */ = {
			isa = XCBuildConfiguration;
			buildSettings = {
				ALWAYS_SEARCH_USER_PATHS = NO;
				CLANG_ANALYZER_NONNULL = YES;
				CLANG_ANALYZER_NUMBER_OBJECT_CONVERSION = YES_AGGRESSIVE;
				CLANG_CXX_LANGUAGE_STANDARD = "gnu++17";
				CLANG_CXX_LIBRARY = "libc++";
				CLANG_ENABLE_MODULES = YES;
				CLANG_ENABLE_OBJC_ARC = YES;
				CLANG_ENABLE_OBJC_WEAK = YES;
				CLANG_WARN_BLOCK_CAPTURE_AUTORELEASING = YES;
				CLANG_WARN_BOOL_CONVERSION = YES;
				CLANG_WARN_COMMA = YES;
				CLANG_WARN_CONSTANT_CONVERSION = YES;
				CLANG_WARN_DEPRECATED_OBJC_IMPLEMENTATIONS = YES;
				CLANG_WARN_DIRECT_OBJC_ISA_USAGE = YES_ERROR;
				CLANG_WARN_DOCUMENTATION_COMMENTS = YES;
				CLANG_WARN_EMPTY_BODY = YES;
				CLANG_WARN_ENUM_CONVERSION = YES;
				CLANG_WARN_INFINITE_RECURSION = YES;
				CLANG_WARN_INT_CONVERSION = YES;
				CLANG_WARN_NON_LITERAL_NULL_CONVERSION = YES;
				CLANG_WARN_OBJC_IMPLICIT_RETAIN_SELF = YES;
				CLANG_WARN_OBJC_LITERAL_CONVERSION = YES;
				CLANG_WARN_OBJC_ROOT_CLASS = YES_ERROR;
				CLANG_WARN_QUOTED_INCLUDE_IN_FRAMEWORK_HEADER = YES;
				CLANG_WARN_RANGE_LOOP_ANALYSIS = YES;
				CLANG_WARN_STRICT_PROTOTYPES = YES;
				CLANG_WARN_SUSPICIOUS_MOVE = YES;
				CLANG_WARN_UNGUARDED_AVAILABILITY = YES_AGGRESSIVE;
				CLANG_WARN_UNREACHABLE_CODE = YES;
				CLANG_WARN__DUPLICATE_METHOD_MATCH = YES;
				COPY_PHASE_STRIP = NO;
				DEBUG_INFORMATION_FORMAT = "dwarf-with-dsym";
				ENABLE_NS_ASSERTIONS = NO;
				ENABLE_STRICT_OBJC_MSGSEND = YES;
				GCC_C_LANGUAGE_STANDARD = gnu11;
				GCC_NO_COMMON_BLOCKS = YES;
				GCC_WARN_64_TO_32_BIT_CONVERSION = YES;
				GCC_WARN_ABOUT_RETURN_TYPE = YES_ERROR;
				GCC_WARN_UNDECLARED_SELECTOR = YES;
				GCC_WARN_UNINITIALIZED_AUTOS = YES_AGGRESSIVE;
				GCC_WARN_UNUSED_FUNCTION = YES;
				GCC_WARN_UNUSED_VARIABLE = YES;
				IPHONEOS_DEPLOYMENT_TARGET = 15.2;
				MTL_ENABLE_DEBUG_INFO = NO;
				MTL_FAST_MATH = YES;
				SDKROOT = iphoneos;
				SWIFT_COMPILATION_MODE = wholemodule;
				SWIFT_OPTIMIZATION_LEVEL = "-O";
				VALIDATE_PRODUCT = YES;
			};
			name = Release;
		};
		E200368327E18E4A00BEB7C3 /* Debug */ = {
			isa = XCBuildConfiguration;
			baseConfigurationReference = 4B049F20879A36ACD5799114 /* Pods-Parstagram.debug.xcconfig */;
			buildSettings = {
				ASSETCATALOG_COMPILER_APPICON_NAME = AppIcon;
				ASSETCATALOG_COMPILER_GLOBAL_ACCENT_COLOR_NAME = AccentColor;
				CODE_SIGN_STYLE = Automatic;
				CURRENT_PROJECT_VERSION = 1;
				DEVELOPMENT_TEAM = P2P67637PD;
				GENERATE_INFOPLIST_FILE = YES;
				INFOPLIST_FILE = Parstagram/Info.plist;
				INFOPLIST_KEY_UIApplicationSupportsIndirectInputEvents = YES;
				INFOPLIST_KEY_UILaunchStoryboardName = LaunchScreen;
				INFOPLIST_KEY_UIMainStoryboardFile = Main;
				INFOPLIST_KEY_UISupportedInterfaceOrientations_iPad = "UIInterfaceOrientationPortrait UIInterfaceOrientationPortraitUpsideDown UIInterfaceOrientationLandscapeLeft UIInterfaceOrientationLandscapeRight";
				INFOPLIST_KEY_UISupportedInterfaceOrientations_iPhone = "UIInterfaceOrientationPortrait UIInterfaceOrientationLandscapeLeft UIInterfaceOrientationLandscapeRight";
				LD_RUNPATH_SEARCH_PATHS = (
					"$(inherited)",
					"@executable_path/Frameworks",
				);
				MARKETING_VERSION = 1.0;
				PRODUCT_BUNDLE_IDENTIFIER = edu.vassar.codepath.Parstagram;
				PRODUCT_NAME = "$(TARGET_NAME)";
				SWIFT_EMIT_LOC_STRINGS = YES;
				SWIFT_VERSION = 5.0;
				TARGETED_DEVICE_FAMILY = "1,2";
			};
			name = Debug;
		};
		E200368427E18E4A00BEB7C3 /* Release */ = {
			isa = XCBuildConfiguration;
			baseConfigurationReference = 7D8AAEF40FDFE77203EF5338 /* Pods-Parstagram.release.xcconfig */;
			buildSettings = {
				ASSETCATALOG_COMPILER_APPICON_NAME = AppIcon;
				ASSETCATALOG_COMPILER_GLOBAL_ACCENT_COLOR_NAME = AccentColor;
				CODE_SIGN_STYLE = Automatic;
				CURRENT_PROJECT_VERSION = 1;
				DEVELOPMENT_TEAM = P2P67637PD;
				GENERATE_INFOPLIST_FILE = YES;
				INFOPLIST_FILE = Parstagram/Info.plist;
				INFOPLIST_KEY_UIApplicationSupportsIndirectInputEvents = YES;
				INFOPLIST_KEY_UILaunchStoryboardName = LaunchScreen;
				INFOPLIST_KEY_UIMainStoryboardFile = Main;
				INFOPLIST_KEY_UISupportedInterfaceOrientations_iPad = "UIInterfaceOrientationPortrait UIInterfaceOrientationPortraitUpsideDown UIInterfaceOrientationLandscapeLeft UIInterfaceOrientationLandscapeRight";
				INFOPLIST_KEY_UISupportedInterfaceOrientations_iPhone = "UIInterfaceOrientationPortrait UIInterfaceOrientationLandscapeLeft UIInterfaceOrientationLandscapeRight";
				LD_RUNPATH_SEARCH_PATHS = (
					"$(inherited)",
					"@executable_path/Frameworks",
				);
				MARKETING_VERSION = 1.0;
				PRODUCT_BUNDLE_IDENTIFIER = edu.vassar.codepath.Parstagram;
				PRODUCT_NAME = "$(TARGET_NAME)";
				SWIFT_EMIT_LOC_STRINGS = YES;
				SWIFT_VERSION = 5.0;
				TARGETED_DEVICE_FAMILY = "1,2";
			};
			name = Release;
		};
		E200368627E18E4A00BEB7C3 /* Debug */ = {
			isa = XCBuildConfiguration;
			baseConfigurationReference = 37142D3158961AEB433001E7 /* Pods-ParstagramTests.debug.xcconfig */;
			buildSettings = {
				ALWAYS_EMBED_SWIFT_STANDARD_LIBRARIES = YES;
				BUNDLE_LOADER = "$(TEST_HOST)";
				CODE_SIGN_STYLE = Automatic;
				CURRENT_PROJECT_VERSION = 1;
				DEVELOPMENT_TEAM = P2P67637PD;
				GENERATE_INFOPLIST_FILE = YES;
				IPHONEOS_DEPLOYMENT_TARGET = 15.2;
				MARKETING_VERSION = 1.0;
				PRODUCT_BUNDLE_IDENTIFIER = edu.vassar.codepath.ParstagramTests;
				PRODUCT_NAME = "$(TARGET_NAME)";
				SWIFT_EMIT_LOC_STRINGS = NO;
				SWIFT_VERSION = 5.0;
				TARGETED_DEVICE_FAMILY = "1,2";
				TEST_HOST = "$(BUILT_PRODUCTS_DIR)/Parstagram.app/Parstagram";
			};
			name = Debug;
		};
		E200368727E18E4A00BEB7C3 /* Release */ = {
			isa = XCBuildConfiguration;
			baseConfigurationReference = 1206ECD1E0B34758CAD6548B /* Pods-ParstagramTests.release.xcconfig */;
			buildSettings = {
				ALWAYS_EMBED_SWIFT_STANDARD_LIBRARIES = YES;
				BUNDLE_LOADER = "$(TEST_HOST)";
				CODE_SIGN_STYLE = Automatic;
				CURRENT_PROJECT_VERSION = 1;
				DEVELOPMENT_TEAM = P2P67637PD;
				GENERATE_INFOPLIST_FILE = YES;
				IPHONEOS_DEPLOYMENT_TARGET = 15.2;
				MARKETING_VERSION = 1.0;
				PRODUCT_BUNDLE_IDENTIFIER = edu.vassar.codepath.ParstagramTests;
				PRODUCT_NAME = "$(TARGET_NAME)";
				SWIFT_EMIT_LOC_STRINGS = NO;
				SWIFT_VERSION = 5.0;
				TARGETED_DEVICE_FAMILY = "1,2";
				TEST_HOST = "$(BUILT_PRODUCTS_DIR)/Parstagram.app/Parstagram";
			};
			name = Release;
		};
		E200368927E18E4A00BEB7C3 /* Debug */ = {
			isa = XCBuildConfiguration;
			baseConfigurationReference = 4E17686212ECCCC4615E5C20 /* Pods-ParstagramUITests.debug.xcconfig */;
			buildSettings = {
				ALWAYS_EMBED_SWIFT_STANDARD_LIBRARIES = YES;
				CODE_SIGN_STYLE = Automatic;
				CURRENT_PROJECT_VERSION = 1;
				DEVELOPMENT_TEAM = P2P67637PD;
				GENERATE_INFOPLIST_FILE = YES;
				MARKETING_VERSION = 1.0;
				PRODUCT_BUNDLE_IDENTIFIER = edu.vassar.codepath.ParstagramUITests;
				PRODUCT_NAME = "$(TARGET_NAME)";
				SWIFT_EMIT_LOC_STRINGS = NO;
				SWIFT_VERSION = 5.0;
				TARGETED_DEVICE_FAMILY = "1,2";
				TEST_TARGET_NAME = Parstagram;
			};
			name = Debug;
		};
		E200368A27E18E4A00BEB7C3 /* Release */ = {
			isa = XCBuildConfiguration;
			baseConfigurationReference = 920434766D1D3C1F333F390C /* Pods-ParstagramUITests.release.xcconfig */;
			buildSettings = {
				ALWAYS_EMBED_SWIFT_STANDARD_LIBRARIES = YES;
				CODE_SIGN_STYLE = Automatic;
				CURRENT_PROJECT_VERSION = 1;
				DEVELOPMENT_TEAM = P2P67637PD;
				GENERATE_INFOPLIST_FILE = YES;
				MARKETING_VERSION = 1.0;
				PRODUCT_BUNDLE_IDENTIFIER = edu.vassar.codepath.ParstagramUITests;
				PRODUCT_NAME = "$(TARGET_NAME)";
				SWIFT_EMIT_LOC_STRINGS = NO;
				SWIFT_VERSION = 5.0;
				TARGETED_DEVICE_FAMILY = "1,2";
				TEST_TARGET_NAME = Parstagram;
			};
			name = Release;
		};
/* End XCBuildConfiguration section */

/* Begin XCConfigurationList section */
		E200365027E18E4400BEB7C3 /* Build configuration list for PBXProject "Parstagram" */ = {
			isa = XCConfigurationList;
			buildConfigurations = (
				E200368027E18E4A00BEB7C3 /* Debug */,
				E200368127E18E4A00BEB7C3 /* Release */,
			);
			defaultConfigurationIsVisible = 0;
			defaultConfigurationName = Release;
		};
		E200368227E18E4A00BEB7C3 /* Build configuration list for PBXNativeTarget "Parstagram" */ = {
			isa = XCConfigurationList;
			buildConfigurations = (
				E200368327E18E4A00BEB7C3 /* Debug */,
				E200368427E18E4A00BEB7C3 /* Release */,
			);
			defaultConfigurationIsVisible = 0;
			defaultConfigurationName = Release;
		};
		E200368527E18E4A00BEB7C3 /* Build configuration list for PBXNativeTarget "ParstagramTests" */ = {
			isa = XCConfigurationList;
			buildConfigurations = (
				E200368627E18E4A00BEB7C3 /* Debug */,
				E200368727E18E4A00BEB7C3 /* Release */,
			);
			defaultConfigurationIsVisible = 0;
			defaultConfigurationName = Release;
		};
		E200368827E18E4A00BEB7C3 /* Build configuration list for PBXNativeTarget "ParstagramUITests" */ = {
			isa = XCConfigurationList;
			buildConfigurations = (
				E200368927E18E4A00BEB7C3 /* Debug */,
				E200368A27E18E4A00BEB7C3 /* Release */,
			);
			defaultConfigurationIsVisible = 0;
			defaultConfigurationName = Release;
		};
/* End XCConfigurationList section */

/* Begin XCVersionGroup section */
		E200366127E18E4400BEB7C3 /* Parstagram.xcdatamodeld */ = {
			isa = XCVersionGroup;
			children = (
				E200366227E18E4400BEB7C3 /* Parstagram.xcdatamodel */,
			);
			currentVersion = E200366227E18E4400BEB7C3 /* Parstagram.xcdatamodel */;
			path = Parstagram.xcdatamodeld;
			sourceTree = "<group>";
			versionGroupType = wrapper.xcdatamodel;
		};
/* End XCVersionGroup section */
	};
	rootObject = E200364D27E18E4400BEB7C3 /* Project object */;
}
